
Microsoft Visual Studio Solution File, Format Version 12.00
# Visual Studio 14
VisualStudioVersion = 14.0.25420.1
MinimumVisualStudioVersion = 10.0.40219.1
Project("{FAE04EC0-301F-11D3-BF4B-00C04F79EFBC}") = "XML_To_CSV_Library", "XML_To_CSV_Library\XML_To_CSV_Library.csproj", "{FB0AB915-F5AD-412F-8403-254B3B46C4DC}"
EndProject
Project("{FAE04EC0-301F-11D3-BF4B-00C04F79EFBC}") = "ConsoleApplication", "ConsoleApplication\ConsoleApplication.csproj", "{A7CFC999-DAAF-428E-918C-50C3289C1A52}"
EndProject
Global
	GlobalSection(SolutionConfigurationPlatforms) = preSolution
		Debug|Any CPU = Debug|Any CPU
		Release|Any CPU = Release|Any CPU
	EndGlobalSection
	GlobalSection(ProjectConfigurationPlatforms) = postSolution
		{FB0AB915-F5AD-412F-8403-254B3B46C4DC}.Debug|Any CPU.ActiveCfg = Debug|Any CPU
		{FB0AB915-F5AD-412F-8403-254B3B46C4DC}.Debug|Any CPU.Build.0 = Debug|Any CPU
		{FB0AB915-F5AD-412F-8403-254B3B46C4DC}.Release|Any CPU.ActiveCfg = Release|Any CPU
		{FB0AB915-F5AD-412F-8403-254B3B46C4DC}.Release|Any CPU.Build.0 = Release|Any CPU
		{A7CFC999-DAAF-428E-918C-50C3289C1A52}.Debug|Any CPU.ActiveCfg = Debug|Any CPU
		{A7CFC999-DAAF-428E-918C-50C3289C1A52}.Debug|Any CPU.Build.0 = Debug|Any CPU
		{A7CFC999-DAAF-428E-918C-50C3289C1A52}.Release|Any CPU.ActiveCfg = Release|Any CPU
		{A7CFC999-DAAF-428E-918C-50C3289C1A52}.Release|Any CPU.Build.0 = Release|Any CPU
	EndGlobalSection
	GlobalSection(SolutionProperties) = preSolution
		HideSolutionNode = FALSE
	EndGlobalSection
EndGlobal
